
Microsoft Visual Studio Solution File, Format Version 12.00
# Visual Studio Version 17
VisualStudioVersion = 17.5.002.0
MinimumVisualStudioVersion = 10.0.40219.1
Project("{9A19103F-16F7-4668-BE54-9A1E7A4F7556}") = "Exo.WebApi", "Exo.WebApi.csproj", "{62ECB5A3-E116-4909-AF04-CA114144FEFB}"
EndProject
Global
	GlobalSection(SolutionConfigurationPlatforms) = preSolution
		Debug|Any CPU = Debug|Any CPU
		Release|Any CPU = Release|Any CPU
	EndGlobalSection
	GlobalSection(ProjectConfigurationPlatforms) = postSolution
		{62ECB5A3-E116-4909-AF04-CA114144FEFB}.Debug|Any CPU.ActiveCfg = Debug|Any CPU
		{62ECB5A3-E116-4909-AF04-CA114144FEFB}.Debug|Any CPU.Build.0 = Debug|Any CPU
		{62ECB5A3-E116-4909-AF04-CA114144FEFB}.Release|Any CPU.ActiveCfg = Release|Any CPU
		{62ECB5A3-E116-4909-AF04-CA114144FEFB}.Release|Any CPU.Build.0 = Release|Any CPU
	EndGlobalSection
	GlobalSection(SolutionProperties) = preSolution
		HideSolutionNode = FALSE
	EndGlobalSection
	GlobalSection(ExtensibilityGlobals) = postSolution
		SolutionGuid = {A380DE74-F52D-498A-9A5E-F7C7F4F4924C}
	EndGlobalSection
EndGlobal
